
Microsoft Visual Studio Solution File, Format Version 12.00
# Visual Studio 15
VisualStudioVersion = 15.0.28307.779
MinimumVisualStudioVersion = 10.0.40219.1
Project("{FAE04EC0-301F-11D3-BF4B-00C04F79EFBC}") = "AOTHW4", "AOTHW4\AOTHW4.csproj", "{3B4258E5-B2EA-4AAB-9904-E2371AC6B158}"
EndProject
Global
	GlobalSection(SolutionConfigurationPlatforms) = preSolution
		Debug|Any CPU = Debug|Any CPU
		Release|Any CPU = Release|Any CPU
	EndGlobalSection
	GlobalSection(ProjectConfigurationPlatforms) = postSolution
		{3B4258E5-B2EA-4AAB-9904-E2371AC6B158}.Debug|Any CPU.ActiveCfg = Debug|Any CPU
		{3B4258E5-B2EA-4AAB-9904-E2371AC6B158}.Debug|Any CPU.Build.0 = Debug|Any CPU
		{3B4258E5-B2EA-4AAB-9904-E2371AC6B158}.Release|Any CPU.ActiveCfg = Release|Any CPU
		{3B4258E5-B2EA-4AAB-9904-E2371AC6B158}.Release|Any CPU.Build.0 = Release|Any CPU
	EndGlobalSection
	GlobalSection(SolutionProperties) = preSolution
		HideSolutionNode = FALSE
	EndGlobalSection
	GlobalSection(ExtensibilityGlobals) = postSolution
		SolutionGuid = {4E737953-EB11-4386-9BB3-924DC98058AD}
	EndGlobalSection
EndGlobal
